version = 1
revision = 3
requires-python = ">=3.13"

[[package]]
name = "astropy"
version = "0.1.0"
source = { virtual = "." }
dependencies = [
    { name = "jq" },
    { name = "pygame" },
    { name = "ty" },
]

[package.metadata]
requires-dist = [
    { name = "jq", specifier = ">=1.11.0" },
    { name = "pygame", specifier = "==2.6.1" },
    { name = "ty", specifier = ">=0.0.15" },
]

[[package]]
name = "jq"
version = "1.11.0"
source = { registry = "https://pypi.org/simple" }
sdist = { url = "https://files.pythonhosted.org/packages/b8/ef/60ec5e3d8b6ae79c02af010030692e9e7e12a3a8134bc048728de16eb137/jq-1.11.0.tar.gz", hash = "sha256:67f1032e3a61b4e5dcdd4e390527b0000db521ac9872b64517c83c5f71ef8450", size = 2031555, upload-time = "2026-01-16T16:38:32.833Z" }
wheels = [
    { url = "https://files.pythonhosted.org/packages/f7/9b/eeb893591371ed1d6badc8c3d6ca0033e764a90b221734d578049ea9898a/jq-1.11.0-cp313-cp313-macosx_10_13_x86_64.whl", hash = "sha256:9aba6e4a4e66a8d55f45137c7039dd56a65ad95ef4c1c1c208190971966429b9", size = 414359, upload-time = "2026-01-16T16:36:58.003Z" },
    { url = "https://files.pythonhosted.org/packages/7a/ff/f80f75b398052e9d09ae09c9bb175ee2679c9a13dea42e9a8ffcc03fbc20/jq-1.11.0-cp313-cp313-macosx_11_0_arm64.whl", hash = "sha256:5295d6d2a6c1de53f9ca1cd3211f5728e20c0be1e6456486a9e6b6016102e173", size = 422335, upload-time = "2026-01-16T16:36:59.684Z" },
    { url = "https://files.pythonhosted.org/packages/8f/6f/a0d8353e03b6f2e1dec08eddb4d1accf2f37605730f9539412c4a1ae0a5c/jq-1.11.0-cp313-cp313-manylinux_2_24_aarch64.manylinux_2_28_aarch64.whl", hash = "sha256:e04a8c3b0b4d78cab658ec8cd1b34f7c9a711355ff6d8aa01a3b24955b3eb531", size = 748178, upload-time = "2026-01-16T16:37:01.511Z" },
    { url = "https://files.pythonhosted.org/packages/3d/5c/85de5a406c36133b71f80c1a4f3872baa2d5b598ea0179e25fb7e1fb385b/jq-1.11.0-cp313-cp313-manylinux_2_24_x86_64.manylinux_2_28_x86_64.whl", hash = "sha256:5e08573ee9a5448166f1e8f068ce05fba21db15adcebbaf2472729d36ec92a1e", size = 767262, upload-time = "2026-01-16T16:37:03.31Z" },
    { url = "https://files.pythonhosted.org/packages/74/51/926c0dee6c5c0cf71a8d6d4665b44ad0dbd18eb5a40455c9b93fa327a188/jq-1.11.0-cp313-cp313-musllinux_1_2_aarch64.whl", hash = "sha256:cd4376b62fc18e8c3f5334f388f92a48b148cf755610ad44d22958a41edcbc8d", size = 737316, upload-time = "2026-01-16T16:37:05.027Z" },
    { url = "https://files.pythonhosted.org/packages/db/8f/49c02ee479b29083047a323c3f4ca6a6c8ef2a9ae1bfe6d86d73d4f283b7/jq-1.11.0-cp313-cp313-musllinux_1_2_x86_64.whl", hash = "sha256:680edbd5838fb04539469e39e3e147ae3890b90af3e727d6028e370f8a202b1c", size = 762343, upload-time = "2026-01-16T16:37:07.411Z" },
    { url = "https://files.pythonhosted.org/packages/cd/16/4697abf6c1d92e8297e07c3fba6d400b5a9c71780a24072480d9076451d7/jq-1.11.0-cp313-cp313-win_amd64.whl", hash = "sha256:54f896e878c89cef4c05aff53f822de62a08e91d08bad7cbf4f7e91b7a06a460", size = 409686, upload-time = "2026-01-16T16:37:09.921Z" },
    { url = "https://files.pythonhosted.org/packages/2d/b3/c05827ed6dd55815b74a124d4c8d2cf9557370d96e78a6cf6fa44c6f4926/jq-1.11.0-cp314-cp314-macosx_10_15_x86_64.whl", hash = "sha256:07100bc8338f4030c12fb87816f2f04d4cac78363152dbb8f8cb12fcb3dbbd5f", size = 414414, upload-time = "2026-01-16T16:37:12.663Z" },
    { url = "https://files.pythonhosted.org/packages/02/df/43c82fc8a25e9f972299d41e41ce14010fc0b2b64969519a2261f651e85c/jq-1.11.0-cp314-cp314-macosx_11_0_arm64.whl", hash = "sha256:7051d8443d36e0df151fd509a34dff8c03bb8c99a0224b25a784920ea5059689", size = 422832, upload-time = "2026-01-16T16:37:14.822Z" },
    { url = "https://files.pythonhosted.org/packages/cd/48/6bb1ecf18fbd396fb7df71274b186c9b3dce8824a4fb7175c8f37147c78e/jq-1.11.0-cp314-cp314-manylinux_2_24_aarch64.manylinux_2_28_aarch64.whl", hash = "sha256:87fec2d61b50ef1b9aaae8de78593a689504c22ec9933a02de202d407b74424c", size = 746548, upload-time = "2026-01-16T16:37:18.077Z" },
    { url = "https://files.pythonhosted.org/packages/10/6c/415cd991045588a846fc089581c42ebce2a9fce29fe006778081885c4897/jq-1.11.0-cp314-cp314-manylinux_2_24_x86_64.manylinux_2_28_x86_64.whl", hash = "sha256:40ee2639e5ff8af74651a6531d79309871ccb722aa4ad28b35f53bdc504d41f7", size = 759982, upload-time = "2026-01-16T16:37:20.614Z" },
    { url = "https://files.pythonhosted.org/packages/54/be/1366d4c091291db01ecfe64ae2fb029e9613e7f0fa2f1c846d292cf2e5b3/jq-1.11.0-cp314-cp314-musllinux_1_2_aarch64.whl", hash = "sha256:9ecaa3193e11ade477eed608e017354f1d9ef66b97e7fe94575a579aee9b394b", size = 734879, upload-time = "2026-01-16T16:37:22.689Z" },
    { url = "https://files.pythonhosted.org/packages/2b/b8/e90f7143347e05bb136a0ca9ef37e62ec80951db9bae44defd7a03ac1282/jq-1.11.0-cp314-cp314-musllinux_1_2_x86_64.whl", hash = "sha256:05c9520b89e2fc99ac397b67ba5672897671c0116b397707cfbc1f8da8722f5a", size = 754295, upload-time = "2026-01-16T16:37:26.472Z" },
    { url = "https://files.pythonhosted.org/packages/d3/8d/e8e82ce41532e3f7b0dfefbb7be840fc5d72a16a58fde499ff7b306e378e/jq-1.11.0-cp314-cp314-win_amd64.whl", hash = "sha256:00ee063b24bb3cc721d6dd92ac05ef2882096c7a9f50972959ef4655486d7a69", size = 428086, upload-time = "2026-01-16T16:37:46.09Z" },
    { url = "https://files.pythonhosted.org/packages/de/a7/95a1a4a6c109396972699ed8ce8b13d770f9c09fda128a0c608ef0d13c84/jq-1.11.0-cp314-cp314t-macosx_10_15_x86_64.whl", hash = "sha256:c4c769ee81de2d799856868bf3bdb1a835e0fb26a62f67a5d8d6ab5392b6e7fa", size = 417816, upload-time = "2026-01-16T16:37:28.825Z" },
    { url = "https://files.pythonhosted.org/packages/4c/26/f86a1cc57cb087e1a5ee8fc314a59d47f588cb479f8e2680e516c5a4234c/jq-1.11.0-cp314-cp314t-macosx_11_0_arm64.whl", hash = "sha256:f6857f2770d1afb8a202f9b6702a7f099cf4052d820f76d01c59dfc6e44d4709", size = 428286, upload-time = "2026-01-16T16:37:30.985Z" },
    { url = "https://files.pythonhosted.org/packages/b1/fd/a16a5b90341392d756f9f1577c27977fc53554b194d00b308878f672476a/jq-1.11.0-cp314-cp314t-manylinux_2_24_aarch64.manylinux_2_28_aarch64.whl", hash = "sha256:b0f6287977012657776f85fa15ca3c072974ded3d98a3400a765c49e84dfb16e", size = 777522, upload-time = "2026-01-16T16:37:33.764Z" },
    { url = "https://files.pythonhosted.org/packages/0c/d6/ea0b9caa71a7966159177e0c2279b7926ccd80da6d4703668df6ec461186/jq-1.11.0-cp314-cp314t-manylinux_2_24_x86_64.manylinux_2_28_x86_64.whl", hash = "sha256:7cf7f44b346c4494be880d3f07c1c72ff56066714b2f8ae2400009afdbdb4adc", size = 773198, upload-time = "2026-01-16T16:37:36.082Z" },
    { url = "https://files.pythonhosted.org/packages/8a/65/e41f566f5ce79ec9fbaeaea86944f4e2f9f258622ad2fe165c275f8711b7/jq-1.11.0-cp314-cp314t-musllinux_1_2_aarch64.whl", hash = "sha256:e46494407cb074d2ffc35337cbe841686aa42f3d1a49901fab3571b55c2e2463", size = 757153, upload-time = "2026-01-16T16:37:38.184Z" },
    { url = "https://files.pythonhosted.org/packages/c1/05/7dce2693991526c40b227c552e2829210099c38ef1c1d0f545ceafa57f0b/jq-1.11.0-cp314-cp314t-musllinux_1_2_x86_64.whl", hash = "sha256:2bea91038d8ea749c54cc06f916afe07a2dbfa05817f3945f89efa75e3dd9517", size = 765389, upload-time = "2026-01-16T16:37:40.136Z" },
    { url = "https://files.pythonhosted.org/packages/2c/b6/355daf5412b0d7730416e693b835d6688cc4a717b249beeb3faf073c0a47/jq-1.11.0-cp314-cp314t-win_amd64.whl", hash = "sha256:219ff02280ee55d2a57c0519b1b122003e538975e30522c21372d6df74b12317", size = 429233, upload-time = "2026-01-16T16:37:43.483Z" },
]

[[package]]
name = "pygame"
version = "2.6.1"
source = { registry = "https://pypi.org/simple" }
sdist = { url = "https://files.pythonhosted.org/packages/49/cc/08bba60f00541f62aaa252ce0cfbd60aebd04616c0b9574f755b583e45ae/pygame-2.6.1.tar.gz", hash = "sha256:56fb02ead529cee00d415c3e007f75e0780c655909aaa8e8bf616ee09c9feb1f", size = 14808125, upload-time = "2024-09-29T13:41:34.698Z" }
wheels = [
    { url = "https://files.pythonhosted.org/packages/e1/91/718acf3e2a9d08a6ddcc96bd02a6f63c99ee7ba14afeaff2a51c987df0b9/pygame-2.6.1-cp313-cp313-macosx_10_13_x86_64.whl", hash = "sha256:ae6039f3a55d800db80e8010f387557b528d34d534435e0871326804df2a62f2", size = 13090765, upload-time = "2024-09-29T14:27:02.377Z" },
    { url = "https://files.pythonhosted.org/packages/0e/c6/9cb315de851a7682d9c7568a41ea042ee98d668cb8deadc1dafcab6116f0/pygame-2.6.1-cp313-cp313-macosx_11_0_arm64.whl", hash = "sha256:2a3a1288e2e9b1e5834e425bedd5ba01a3cd4902b5c2bff8ed4a740ccfe98171", size = 12381704, upload-time = "2024-09-29T14:27:10.228Z" },
    { url = "https://files.pythonhosted.org/packages/9f/8f/617a1196e31ae3b46be6949fbaa95b8c93ce15e0544266198c2266cc1b4d/pygame-2.6.1-cp313-cp313-manylinux_2_17_aarch64.manylinux2014_aarch64.whl", hash = "sha256:27eb17e3dc9640e4b4683074f1890e2e879827447770470c2aba9f125f74510b", size = 13581091, upload-time = "2024-09-29T11:30:27.653Z" },
    { url = "https://files.pythonhosted.org/packages/3b/87/2851a564e40a2dad353f1c6e143465d445dab18a95281f9ea458b94f3608/pygame-2.6.1-cp313-cp313-manylinux_2_17_i686.manylinux2014_i686.whl", hash = "sha256:4c1623180e70a03c4a734deb9bac50fc9c82942ae84a3a220779062128e75f3b", size = 14273844, upload-time = "2024-09-29T11:40:04.138Z" },
    { url = "https://files.pythonhosted.org/packages/85/b5/aa23aa2e70bcba42c989c02e7228273c30f3b44b9b264abb93eaeff43ad7/pygame-2.6.1-cp313-cp313-manylinux_2_17_x86_64.manylinux2014_x86_64.whl", hash = "sha256:ef07c0103d79492c21fced9ad68c11c32efa6801ca1920ebfd0f15fb46c78b1c", size = 13951197, upload-time = "2024-09-29T11:40:06.785Z" },
    { url = "https://files.pythonhosted.org/packages/a6/06/29e939b34d3f1354738c7d201c51c250ad7abefefaf6f8332d962ff67c4b/pygame-2.6.1-cp313-cp313-win32.whl", hash = "sha256:3acd8c009317190c2bfd81db681ecef47d5eb108c2151d09596d9c7ea9df5c0e", size = 10249309, upload-time = "2024-09-29T11:10:23.329Z" },
    { url = "https://files.pythonhosted.org/packages/7e/11/17f7f319ca91824b86557e9303e3b7a71991ef17fd45286bf47d7f0a38e6/pygame-2.6.1-cp313-cp313-win_amd64.whl", hash = "sha256:813af4fba5d0b2cb8e58f5d95f7910295c34067dcc290d34f1be59c48bd1ea6a", size = 10620084, upload-time = "2024-09-29T11:48:51.587Z" },
]

[[package]]
name = "ty"
version = "0.0.15"
source = { registry = "https://pypi.org/simple" }
sdist = { url = "https://files.pythonhosted.org/packages/4e/25/257602d316b9333089b688a7a11b33ebc660b74e8dacf400dc3dfdea1594/ty-0.0.15.tar.gz", hash = "sha256:4f9a5b8df208c62dba56e91b93bed8b5bb714839691b8cff16d12c983bfa1174", size = 5101936, upload-time = "2026-02-05T01:06:34.922Z" }
wheels = [
    { url = "https://files.pythonhosted.org/packages/ce/c5/35626e732b79bf0e6213de9f79aff59b5f247c0a1e3ce0d93e675ab9b728/ty-0.0.15-py3-none-linux_armv6l.whl", hash = "sha256:68e092458516c61512dac541cde0a5e4e5842df00b4e81881ead8f745ddec794", size = 10138374, upload-time = "2026-02-05T01:07:03.804Z" },
    { url = "https://files.pythonhosted.org/packages/d5/8a/48fd81664604848f79d03879b3ca3633762d457a069b07e09fb1b87edd6e/ty-0.0.15-py3-none-macosx_10_12_x86_64.whl", hash = "sha256:79f2e75289eae3cece94c51118b730211af4ba5762906f52a878041b67e54959", size = 9947858, upload-time = "2026-02-05T01:06:47.453Z" },
    { url = "https://files.pythonhosted.org/packages/b6/85/c1ac8e97bcd930946f4c94db85b675561d590b4e72703bf3733419fc3973/ty-0.0.15-py3-none-macosx_11_0_arm64.whl", hash = "sha256:112a7b26e63e48cc72c8c5b03227d1db280cfa57a45f2df0e264c3a016aa8c3c", size = 9443220, upload-time = "2026-02-05T01:06:44.98Z" },
    { url = "https://files.pythonhosted.org/packages/3c/d9/244bc02599d950f7a4298fbc0c1b25cc808646b9577bdf7a83470b2d1cec/ty-0.0.15-py3-none-manylinux_2_17_aarch64.manylinux2014_aarch64.whl", hash = "sha256:71f62a2644972975a657d9dc867bf901235cde51e8d24c20311067e7afd44a56", size = 9949976, upload-time = "2026-02-05T01:07:01.515Z" },
    { url = "https://files.pythonhosted.org/packages/7e/ab/3a0daad66798c91a33867a3ececf17d314ac65d4ae2bbbd28cbfde94da63/ty-0.0.15-py3-none-manylinux_2_17_armv7l.manylinux2014_armv7l.whl", hash = "sha256:9e48b42be2d257317c85b78559233273b655dd636fc61e7e1d69abd90fd3cba4", size = 9965918, upload-time = "2026-02-05T01:06:54.283Z" },
    { url = "https://files.pythonhosted.org/packages/39/4e/e62b01338f653059a7c0cd09d1a326e9a9eedc351a0f0de9db0601658c3d/ty-0.0.15-py3-none-manylinux_2_17_i686.manylinux2014_i686.whl", hash = "sha256:27dd5b52a421e6871c5bfe9841160331b60866ed2040250cb161886478ab3e4f", size = 10424943, upload-time = "2026-02-05T01:07:08.777Z" },
    { url = "https://files.pythonhosted.org/packages/65/b5/7aa06655ce69c0d4f3e845d2d85e79c12994b6d84c71699cfb437e0bc8cf/ty-0.0.15-py3-none-manylinux_2_17_ppc64le.manylinux2014_ppc64le.whl", hash = "sha256:76b85c9ec2219e11c358a7db8e21b7e5c6674a1fb9b6f633836949de98d12286", size = 10964692, upload-time = "2026-02-05T01:06:37.103Z" },
    { url = "https://files.pythonhosted.org/packages/13/04/36fdfe1f3c908b471e246e37ce3d011175584c26d3853e6c5d9a0364564c/ty-0.0.15-py3-none-manylinux_2_17_s390x.manylinux2014_s390x.whl", hash = "sha256:a9e8204c61d8ede4f21f2975dce74efdb80fafb2fae1915c666cceb33ea3c90b", size = 10692225, upload-time = "2026-02-05T01:06:49.714Z" },
    { url = "https://files.pythonhosted.org/packages/13/41/5bf882649bd8b64ded5fbce7fb8d77fb3b868de1a3b1a6c4796402b47308/ty-0.0.15-py3-none-manylinux_2_17_x86_64.manylinux2014_x86_64.whl", hash = "sha256:af87c3be7c944bb4d6609d6c63e4594944b0028c7bd490a525a82b88fe010d6d", size = 10516776, upload-time = "2026-02-05T01:06:52.047Z" },
    { url = "https://files.pythonhosted.org/packages/56/75/66852d7e004f859839c17ffe1d16513c1e7cc04bcc810edb80ca022a9124/ty-0.0.15-py3-none-musllinux_1_2_aarch64.whl", hash = "sha256:50dccf7398505e5966847d366c9e4c650b8c225411c2a68c32040a63b9521eea", size = 9928828, upload-time = "2026-02-05T01:06:56.647Z" },
    { url = "https://files.pythonhosted.org/packages/65/72/96bc16c7b337a3ef358fd227b3c8ef0c77405f3bfbbfb59ee5915f0d9d71/ty-0.0.15-py3-none-musllinux_1_2_armv7l.whl", hash = "sha256:bd797b8f231a4f4715110259ad1ad5340a87b802307f3e06d92bfb37b858a8f3", size = 9978960, upload-time = "2026-02-05T01:06:29.567Z" },
    { url = "https://files.pythonhosted.org/packages/a0/18/d2e316a35b626de2227f832cd36d21205e4f5d96fd036a8af84c72ecec1b/ty-0.0.15-py3-none-musllinux_1_2_i686.whl", hash = "sha256:9deb7f20e18b25440a9aa4884f934ba5628ef456dbde91819d5af1a73da48af3", size = 10135903, upload-time = "2026-02-05T01:06:59.256Z" },
    { url = "https://files.pythonhosted.org/packages/02/d3/b617a79c9dad10c888d7c15cd78859e0160b8772273637b9c4241a049491/ty-0.0.15-py3-none-musllinux_1_2_x86_64.whl", hash = "sha256:7b31b3de031255b90a5f4d9cb3d050feae246067c87130e5a6861a8061c71754", size = 10615879, upload-time = "2026-02-05T01:07:06.661Z" },
    { url = "https://files.pythonhosted.org/packages/fb/b0/2652a73c71c77296a6343217063f05745da60c67b7e8a8e25f2064167fce/ty-0.0.15-py3-none-win32.whl", hash = "sha256:9362c528ceb62c89d65c216336d28d500bc9f4c10418413f63ebc16886e16cc1", size = 9578058, upload-time = "2026-02-05T01:06:42.928Z" },
    { url = "https://files.pythonhosted.org/packages/84/6e/08a4aedebd2a6ce2784b5bc3760e43d1861f1a184734a78215c2d397c1df/ty-0.0.15-py3-none-win_amd64.whl", hash = "sha256:4db040695ae67c5524f59cb8179a8fa277112e69042d7dfdac862caa7e3b0d9c", size = 10457112, upload-time = "2026-02-05T01:06:39.885Z" },
    { url = "https://files.pythonhosted.org/packages/b3/be/1991f2bc12847ae2d4f1e3ac5dcff8bb7bc1261390645c0755bb55616355/ty-0.0.15-py3-none-win_arm64.whl", hash = "sha256:e5a98d4119e77d6136461e16ae505f8f8069002874ab073de03fbcb1a5e8bf25", size = 9937490, upload-time = "2026-02-05T01:06:32.388Z" },
]
